
Microsoft Visual Studio Solution File, Format Version 12.00
# Visual Studio Version 16
VisualStudioVersion = 16.0.29728.190
MinimumVisualStudioVersion = 10.0.40219.1
Project("{FAE04EC0-301F-11D3-BF4B-00C04F79EFBC}") = "ObjectIdentification_YOLOv3", "ObjectIdentification_YOLOv3.csproj", "{5DB81D7B-8E01-48E9-B4A6-775ABA562C66}"
EndProject
Global
	GlobalSection(SolutionConfigurationPlatforms) = preSolution
		Debug|Any CPU = Debug|Any CPU
		Release|Any CPU = Release|Any CPU
	EndGlobalSection
	GlobalSection(ProjectConfigurationPlatforms) = postSolution
		{5DB81D7B-8E01-48E9-B4A6-775ABA562C66}.Debug|Any CPU.ActiveCfg = Debug|Any CPU
		{5DB81D7B-8E01-48E9-B4A6-775ABA562C66}.Debug|Any CPU.Build.0 = Debug|Any CPU
		{5DB81D7B-8E01-48E9-B4A6-775ABA562C66}.Release|Any CPU.ActiveCfg = Release|Any CPU
		{5DB81D7B-8E01-48E9-B4A6-775ABA562C66}.Release|Any CPU.Build.0 = Release|Any CPU
	EndGlobalSection
	GlobalSection(SolutionProperties) = preSolution
		HideSolutionNode = FALSE
	EndGlobalSection
	GlobalSection(ExtensibilityGlobals) = postSolution
		SolutionGuid = {CB5F89EA-96C2-4A34-99FA-391FE42158B4}
	EndGlobalSection
EndGlobal
